	<Project xmlns="http://schemas.microsoft.com/developer/msbuild/2003">
		<PropertyGroup>
			<ProjectGuid>{a84a9d83-29e8-4330-98ec-e1d87819e8d4}</ProjectGuid>
			<MainSource>SqlServerBackup.dpr</MainSource>
			<Configuration Condition=" '$(Configuration)' == '' ">Debug</Configuration>
			<DCC_DCCCompiler>DCC32</DCC_DCCCompiler>
			<DCC_DependencyCheckOutputName>D:\temp\bin\SqlServerBackup.exe</DCC_DependencyCheckOutputName>
			<ProjectVersion>12.3</ProjectVersion>
			<Base>True</Base>
			<Config Condition="'$(Config)'==''">Debug</Config>
			<Platform>Win32</Platform>
			<AppType>Application</AppType>
			<FrameworkType>VCL</FrameworkType>
		</PropertyGroup>
		<PropertyGroup Condition="'$(Config)'=='Base' or '$(Base)'!=''">
			<Base>true</Base>
		</PropertyGroup>
		<PropertyGroup Condition="'$(Config)'=='Release' or '$(Cfg_1)'!=''">
			<Cfg_1>true</Cfg_1>
			<CfgParent>Base</CfgParent>
			<Base>true</Base>
		</PropertyGroup>
		<PropertyGroup Condition="'$(Config)'=='Debug' or '$(Cfg_2)'!=''">
			<Cfg_2>true</Cfg_2>
			<CfgParent>Base</CfgParent>
			<Base>true</Base>
		</PropertyGroup>
		<PropertyGroup Condition="'$(Base)'!=''">
			<DCC_UnitAlias>WinTypes=Windows;WinProcs=Windows;DbiTypes=BDE;DbiProcs=BDE;DbiErrs=BDE;$(DCC_UnitAlias)</DCC_UnitAlias>
		</PropertyGroup>
		<PropertyGroup Condition="'$(Cfg_1)'!=''">
			<Version>7.0</Version>
			<DCC_DebugInformation>False</DCC_DebugInformation>
			<DCC_LocalDebugSymbols>False</DCC_LocalDebugSymbols>
			<DCC_SymbolReferenceInfo>0</DCC_SymbolReferenceInfo>
			<DCC_ExeOutput>C:\Program Files\Sistema de Pesquisa de Opinião e Mercado</DCC_ExeOutput>
			<DCC_DcuOutput>\temp\lixo_delphi\</DCC_DcuOutput>
			<DCC_ObjOutput>\temp\lixo_delphi\</DCC_ObjOutput>
			<DCC_HppOutput>\temp\lixo_delphi\</DCC_HppOutput>
			<DCC_UnitSearchPath>\delphi\units\;\delphi\sistemas\calculadora\;$(DCC_UnitSearchPath)</DCC_UnitSearchPath>
			<DCC_ResourcePath>\delphi\units\;\delphi\sistemas\calculadora\;$(DCC_ResourcePath)</DCC_ResourcePath>
			<DCC_ObjPath>\delphi\units\;\delphi\sistemas\calculadora\;$(DCC_ObjPath)</DCC_ObjPath>
			<DCC_IncludePath>\delphi\units\;\delphi\sistemas\calculadora\;$(DCC_IncludePath)</DCC_IncludePath>
			<DCC_Define>RELEASE;$(DCC_Define)</DCC_Define>
		</PropertyGroup>
		<PropertyGroup Condition="'$(Cfg_2)'!=''">
			<DCC_ExeOutput>Bin</DCC_ExeOutput>
			<Version>7.0</Version>
			<DCC_DcuOutput>$(temp)</DCC_DcuOutput>
			<DCC_ObjOutput>\temp\lixo_delphi\</DCC_ObjOutput>
			<DCC_HppOutput>\temp\lixo_delphi\</DCC_HppOutput>
			<DCC_UnitSearchPath>\delphi\units\;\delphi\sistemas\calculadora\;$(DCC_UnitSearchPath)</DCC_UnitSearchPath>
			<DCC_ResourcePath>\delphi\units\;\delphi\sistemas\calculadora\;$(DCC_ResourcePath)</DCC_ResourcePath>
			<DCC_ObjPath>\delphi\units\;\delphi\sistemas\calculadora\;$(DCC_ObjPath)</DCC_ObjPath>
			<DCC_IncludePath>\delphi\units\;\delphi\sistemas\calculadora\;$(DCC_IncludePath)</DCC_IncludePath>
			<DCC_Define>DEBUG;$(DCC_Define)</DCC_Define>
			<DCC_MapFile>3</DCC_MapFile>
			<DCC_SYMBOL_PLATFORM>False</DCC_SYMBOL_PLATFORM>
			<DCC_UNIT_PLATFORM>False</DCC_UNIT_PLATFORM>
		</PropertyGroup>
		<ProjectExtensions>
			<Borland.Personality>Delphi.Personality.12</Borland.Personality>
			<Borland.ProjectType/>
			<BorlandProject>
				<Delphi.Personality>
					<Parameters/>
					<VersionInfo>
						<VersionInfo Name="IncludeVerInfo">True</VersionInfo>
						<VersionInfo Name="AutoIncBuild">False</VersionInfo>
						<VersionInfo Name="MajorVer">1</VersionInfo>
						<VersionInfo Name="MinorVer">0</VersionInfo>
						<VersionInfo Name="Release">0</VersionInfo>
						<VersionInfo Name="Build">0</VersionInfo>
						<VersionInfo Name="Debug">False</VersionInfo>
						<VersionInfo Name="PreRelease">False</VersionInfo>
						<VersionInfo Name="Special">False</VersionInfo>
						<VersionInfo Name="Private">False</VersionInfo>
						<VersionInfo Name="DLL">False</VersionInfo>
						<VersionInfo Name="Locale">1046</VersionInfo>
						<VersionInfo Name="CodePage">1252</VersionInfo>
					</VersionInfo>
					<VersionInfoKeys>
						<VersionInfoKeys Name="CompanyName">MCampos Sistemas</VersionInfoKeys>
						<VersionInfoKeys Name="FileDescription">Executar Backup/Restore de Bancos de Dados SQL Server</VersionInfoKeys>
						<VersionInfoKeys Name="FileVersion">1.0.0.0</VersionInfoKeys>
						<VersionInfoKeys Name="InternalName">SqlServerBackup</VersionInfoKeys>
						<VersionInfoKeys Name="LegalCopyright"/>
						<VersionInfoKeys Name="LegalTrademarks"/>
						<VersionInfoKeys Name="OriginalFilename">SqlServerBackup.exe</VersionInfoKeys>
						<VersionInfoKeys Name="ProductName">SQL Server Backup</VersionInfoKeys>
						<VersionInfoKeys Name="ProductVersion">1.0.0.0</VersionInfoKeys>
						<VersionInfoKeys Name="Comments"/>
					</VersionInfoKeys>
					<Source>
						<Source Name="MainSource">SqlServerBackup.dpr</Source>
					</Source>
				</Delphi.Personality>
				<Platforms>
					<Platform value="Win32">True</Platform>
				</Platforms>
			</BorlandProject>
			<ProjectFileVersion>12</ProjectFileVersion>
		</ProjectExtensions>
		<ItemGroup>
			<DelphiCompile Include="SqlServerBackup.dpr">
				<MainSource>MainSource</MainSource>
			</DelphiCompile>
			<DCCReference Include="UPrinc.pas">
				<Form>FrmPrinc</Form>
			</DCCReference>
			<BuildConfiguration Include="Debug">
				<Key>Cfg_2</Key>
				<CfgParent>Base</CfgParent>
			</BuildConfiguration>
			<BuildConfiguration Include="Base">
				<Key>Base</Key>
			</BuildConfiguration>
			<BuildConfiguration Include="Release">
				<Key>Cfg_1</Key>
				<CfgParent>Base</CfgParent>
			</BuildConfiguration>
		</ItemGroup>
		<Import Condition="Exists('$(BDS)\Bin\CodeGear.Delphi.Targets')" Project="$(BDS)\Bin\CodeGear.Delphi.Targets"/>
		<Import Condition="Exists('$(APPDATA)\Embarcadero\$(BDSAPPDATABASEDIR)\$(PRODUCTVERSION)\UserTools.proj')" Project="$(APPDATA)\Embarcadero\$(BDSAPPDATABASEDIR)\$(PRODUCTVERSION)\UserTools.proj"/>
	</Project>
